// !$*UTF8*$!
{
	archiveVersion = 1;
	classes = {
	};
	objectVersion = 46;
	objects = {

/* Begin PBXBuildFile section */
		2707CC6F1571B7EF00AEFA93 /* SliderHelper.c in Sources */ = {isa = PBXBuildFile; fileRef = 2707CC6E1571B7EF00AEFA93 /* SliderHelper.c */; };
		2707CC771572A23200AEFA93 /* Apple80211 in Frameworks */ = {isa = PBXBuildFile; fileRef = 2707CC761572A23200AEFA93 /* Apple80211 */; };
		2707CC801572B91D00AEFA93 /* CoreWLAN.framework in Frameworks */ = {isa = PBXBuildFile; fileRef = 2707CC7F1572B91D00AEFA93 /* CoreWLAN.framework */; };
		2707CCA11572CF0600AEFA93 /* WifiScanner.m in Sources */ = {isa = PBXBuildFile; fileRef = 2707CCA01572CF0600AEFA93 /* WifiScanner.m */; };
		275AB0541578612300EFD9B5 /* demoIconDisabled.png in Resources */ = {isa = PBXBuildFile; fileRef = 275AB0531578612300EFD9B5 /* demoIconDisabled.png */; };
		276D087415772042003F8232 /* LocationViewController.m in Sources */ = {isa = PBXBuildFile; fileRef = 276D087315772042003F8232 /* LocationViewController.m */; };
		277AB0BA1568B49A00226191 /* AdvancedPrefsViewController.m in Sources */ = {isa = PBXBuildFile; fileRef = 277AB0B81568B49A00226191 /* AdvancedPrefsViewController.m */; };
		277AB0BB1568B49A00226191 /* AdvancedPrefsViewController.xib in Resources */ = {isa = PBXBuildFile; fileRef = 277AB0B91568B49A00226191 /* AdvancedPrefsViewController.xib */; };
		2788833315770CCC00B49E8A /* LocationViewController.xib in Resources */ = {isa = PBXBuildFile; fileRef = 2788833215770CCC00B49E8A /* LocationViewController.xib */; };
		27A3E5DF156852B2009FB65C /* Cocoa.framework in Frameworks */ = {isa = PBXBuildFile; fileRef = 27A3E5DE156852B2009FB65C /* Cocoa.framework */; };
		27A3E5E9156852B2009FB65C /* InfoPlist.strings in Resources */ = {isa = PBXBuildFile; fileRef = 27A3E5E7156852B2009FB65C /* InfoPlist.strings */; };
		27A3E5EB156852B2009FB65C /* main.m in Sources */ = {isa = PBXBuildFile; fileRef = 27A3E5EA156852B2009FB65C /* main.m */; };
		27A3E5EF156852B2009FB65C /* Credits.rtf in Resources */ = {isa = PBXBuildFile; fileRef = 27A3E5ED156852B2009FB65C /* Credits.rtf */; };
		27A3E5F2156852B2009FB65C /* AppDelegate.m in Sources */ = {isa = PBXBuildFile; fileRef = 27A3E5F1156852B2009FB65C /* AppDelegate.m */; };
		27A3E5F5156852B2009FB65C /* MainMenu.xib in Resources */ = {isa = PBXBuildFile; fileRef = 27A3E5F3156852B2009FB65C /* MainMenu.xib */; };
		27A3E5FD156852B3009FB65C /* SenTestingKit.framework in Frameworks */ = {isa = PBXBuildFile; fileRef = 27A3E5FC156852B3009FB65C /* SenTestingKit.framework */; };
		27A3E5FE156852B3009FB65C /* Cocoa.framework in Frameworks */ = {isa = PBXBuildFile; fileRef = 27A3E5DE156852B2009FB65C /* Cocoa.framework */; };
		27A3E606156852B3009FB65C /* InfoPlist.strings in Resources */ = {isa = PBXBuildFile; fileRef = 27A3E604156852B3009FB65C /* InfoPlist.strings */; };
		27A3E609156852B3009FB65C /* MapTests.m in Sources */ = {isa = PBXBuildFile; fileRef = 27A3E608156852B3009FB65C /* MapTests.m */; };
		27A3E6141568627F009FB65C /* demoIcon.png in Resources */ = {isa = PBXBuildFile; fileRef = 27A3E6121568627F009FB65C /* demoIcon.png */; };
		27A3E6151568627F009FB65C /* demoIconWhite.png in Resources */ = {isa = PBXBuildFile; fileRef = 27A3E6131568627F009FB65C /* demoIconWhite.png */; };
		27A3E61B156876CA009FB65C /* PreferencesPanel.m in Sources */ = {isa = PBXBuildFile; fileRef = 27A3E61A156876CA009FB65C /* PreferencesPanel.m */; };
		27FA859A1568A57600E9CEE6 /* OSBPreferencesController.m in Sources */ = {isa = PBXBuildFile; fileRef = 27FA85991568A57600E9CEE6 /* OSBPreferencesController.m */; };
		27FA85A11568A81300E9CEE6 /* GeneralPrefsViewController.xib in Resources */ = {isa = PBXBuildFile; fileRef = 27FA85A01568A81300E9CEE6 /* GeneralPrefsViewController.xib */; };
		27FA85A41568ACB600E9CEE6 /* GeneralPrefsViewController.m in Sources */ = {isa = PBXBuildFile; fileRef = 27FA85A31568ACB600E9CEE6 /* GeneralPrefsViewController.m */; };
/* End PBXBuildFile section */

/* Begin PBXContainerItemProxy section */
		27A3E5FF156852B3009FB65C /* PBXContainerItemProxy */ = {
			isa = PBXContainerItemProxy;
			containerPortal = 27A3E5D1156852B1009FB65C /* Project object */;
			proxyType = 1;
			remoteGlobalIDString = 27A3E5D9156852B2009FB65C;
			remoteInfo = Map;
		};
/* End PBXContainerItemProxy section */

/* Begin PBXFileReference section */
		2707CC6E1571B7EF00AEFA93 /* SliderHelper.c */ = {isa = PBXFileReference; fileEncoding = 4; lastKnownFileType = sourcecode.c.c; path = SliderHelper.c; sourceTree = "<group>"; };
		2707CC711571C5BF00AEFA93 /* SliderHelper.h */ = {isa = PBXFileReference; lastKnownFileType = sourcecode.c.h; path = SliderHelper.h; sourceTree = "<group>"; };
		2707CC731572997E00AEFA93 /* Apple80211.h */ = {isa = PBXFileReference; fileEncoding = 4; lastKnownFileType = sourcecode.c.h; path = Apple80211.h; sourceTree = "<group>"; };
		2707CC761572A23200AEFA93 /* Apple80211 */ = {isa = PBXFileReference; lastKnownFileType = "compiled.mach-o.dylib"; name = Apple80211; path = ../../../../../../System/Library/PrivateFrameworks/Apple80211.framework/Versions/A/Apple80211; sourceTree = "<group>"; };
		2707CC7F1572B91D00AEFA93 /* CoreWLAN.framework */ = {isa = PBXFileReference; lastKnownFileType = wrapper.framework; name = CoreWLAN.framework; path = System/Library/Frameworks/CoreWLAN.framework; sourceTree = SDKROOT; };
		2707CC9F1572CF0600AEFA93 /* WifiScanner.h */ = {isa = PBXFileReference; fileEncoding = 4; lastKnownFileType = sourcecode.c.h; path = WifiScanner.h; sourceTree = "<group>"; };
		2707CCA01572CF0600AEFA93 /* WifiScanner.m */ = {isa = PBXFileReference; fileEncoding = 4; lastKnownFileType = sourcecode.c.objc; path = WifiScanner.m; sourceTree = "<group>"; };
		275AB0531578612300EFD9B5 /* demoIconDisabled.png */ = {isa = PBXFileReference; lastKnownFileType = image.png; path = demoIconDisabled.png; sourceTree = "<group>"; };
		276D087215772042003F8232 /* LocationViewController.h */ = {isa = PBXFileReference; fileEncoding = 4; lastKnownFileType = sourcecode.c.h; path = LocationViewController.h; sourceTree = "<group>"; };
		276D087315772042003F8232 /* LocationViewController.m */ = {isa = PBXFileReference; fileEncoding = 4; lastKnownFileType = sourcecode.c.objc; path = LocationViewController.m; sourceTree = "<group>"; };
		277AB0B71568B49A00226191 /* AdvancedPrefsViewController.h */ = {isa = PBXFileReference; fileEncoding = 4; lastKnownFileType = sourcecode.c.h; path = AdvancedPrefsViewController.h; sourceTree = "<group>"; };
		277AB0B81568B49A00226191 /* AdvancedPrefsViewController.m */ = {isa = PBXFileReference; fileEncoding = 4; lastKnownFileType = sourcecode.c.objc; path = AdvancedPrefsViewController.m; sourceTree = "<group>"; };
		277AB0B91568B49A00226191 /* AdvancedPrefsViewController.xib */ = {isa = PBXFileReference; fileEncoding = 4; lastKnownFileType = file.xib; path = AdvancedPrefsViewController.xib; sourceTree = "<group>"; };
		2788833215770CCC00B49E8A /* LocationViewController.xib */ = {isa = PBXFileReference; fileEncoding = 4; lastKnownFileType = file.xib; path = LocationViewController.xib; sourceTree = "<group>"; };
		27A3E5DA156852B2009FB65C /* Map.app */ = {isa = PBXFileReference; explicitFileType = wrapper.application; includeInIndex = 0; path = Map.app; sourceTree = BUILT_PRODUCTS_DIR; };
		27A3E5DE156852B2009FB65C /* Cocoa.framework */ = {isa = PBXFileReference; lastKnownFileType = wrapper.framework; name = Cocoa.framework; path = System/Library/Frameworks/Cocoa.framework; sourceTree = SDKROOT; };
		27A3E5E1156852B2009FB65C /* AppKit.framework */ = {isa = PBXFileReference; lastKnownFileType = wrapper.framework; name = AppKit.framework; path = System/Library/Frameworks/AppKit.framework; sourceTree = SDKROOT; };
		27A3E5E2156852B2009FB65C /* CoreData.framework */ = {isa = PBXFileReference; lastKnownFileType = wrapper.framework; name = CoreData.framework; path = System/Library/Frameworks/CoreData.framework; sourceTree = SDKROOT; };
		27A3E5E3156852B2009FB65C /* Foundation.framework */ = {isa = PBXFileReference; lastKnownFileType = wrapper.framework; name = Foundation.framework; path = System/Library/Frameworks/Foundation.framework; sourceTree = SDKROOT; };
		27A3E5E6156852B2009FB65C /* Map-Info.plist */ = {isa = PBXFileReference; lastKnownFileType = text.plist.xml; path = "Map-Info.plist"; sourceTree = "<group>"; };
		27A3E5E8156852B2009FB65C /* en */ = {isa = PBXFileReference; lastKnownFileType = text.plist.strings; name = en; path = en.lproj/InfoPlist.strings; sourceTree = "<group>"; };
		27A3E5EA156852B2009FB65C /* main.m */ = {isa = PBXFileReference; lastKnownFileType = sourcecode.c.objc; path = main.m; sourceTree = "<group>"; };
		27A3E5EC156852B2009FB65C /* Map-Prefix.pch */ = {isa = PBXFileReference; lastKnownFileType = sourcecode.c.h; path = "Map-Prefix.pch"; sourceTree = "<group>"; };
		27A3E5EE156852B2009FB65C /* en */ = {isa = PBXFileReference; lastKnownFileType = text.rtf; name = en; path = en.lproj/Credits.rtf; sourceTree = "<group>"; };
		27A3E5F0156852B2009FB65C /* AppDelegate.h */ = {isa = PBXFileReference; lastKnownFileType = sourcecode.c.h; path = AppDelegate.h; sourceTree = "<group>"; };
		27A3E5F1156852B2009FB65C /* AppDelegate.m */ = {isa = PBXFileReference; lastKnownFileType = sourcecode.c.objc; path = AppDelegate.m; sourceTree = "<group>"; };
		27A3E5F4156852B2009FB65C /* en */ = {isa = PBXFileReference; lastKnownFileType = file.xib; name = en; path = en.lproj/MainMenu.xib; sourceTree = "<group>"; };
		27A3E5FB156852B3009FB65C /* MapTests.octest */ = {isa = PBXFileReference; explicitFileType = wrapper.cfbundle; includeInIndex = 0; path = MapTests.octest; sourceTree = BUILT_PRODUCTS_DIR; };
		27A3E5FC156852B3009FB65C /* SenTestingKit.framework */ = {isa = PBXFileReference; lastKnownFileType = wrapper.framework; name = SenTestingKit.framework; path = Library/Frameworks/SenTestingKit.framework; sourceTree = DEVELOPER_DIR; };
		27A3E603156852B3009FB65C /* MapTests-Info.plist */ = {isa = PBXFileReference; lastKnownFileType = text.plist.xml; path = "MapTests-Info.plist"; sourceTree = "<group>"; };
		27A3E605156852B3009FB65C /* en */ = {isa = PBXFileReference; lastKnownFileType = text.plist.strings; name = en; path = en.lproj/InfoPlist.strings; sourceTree = "<group>"; };
		27A3E607156852B3009FB65C /* MapTests.h */ = {isa = PBXFileReference; lastKnownFileType = sourcecode.c.h; path = MapTests.h; sourceTree = "<group>"; };
		27A3E608156852B3009FB65C /* MapTests.m */ = {isa = PBXFileReference; lastKnownFileType = sourcecode.c.objc; path = MapTests.m; sourceTree = "<group>"; };
		27A3E6121568627F009FB65C /* demoIcon.png */ = {isa = PBXFileReference; lastKnownFileType = image.png; path = demoIcon.png; sourceTree = "<group>"; };
		27A3E6131568627F009FB65C /* demoIconWhite.png */ = {isa = PBXFileReference; lastKnownFileType = image.png; path = demoIconWhite.png; sourceTree = "<group>"; };
		27A3E619156876CA009FB65C /* PreferencesPanel.h */ = {isa = PBXFileReference; fileEncoding = 4; lastKnownFileType = sourcecode.c.h; path = PreferencesPanel.h; sourceTree = "<group>"; };
		27A3E61A156876CA009FB65C /* PreferencesPanel.m */ = {isa = PBXFileReference; fileEncoding = 4; lastKnownFileType = sourcecode.c.objc; path = PreferencesPanel.m; sourceTree = "<group>"; };
		27FA85981568A57600E9CEE6 /* OSBPreferencesController.h */ = {isa = PBXFileReference; fileEncoding = 4; lastKnownFileType = sourcecode.c.h; path = OSBPreferencesController.h; sourceTree = "<group>"; };
		27FA85991568A57600E9CEE6 /* OSBPreferencesController.m */ = {isa = PBXFileReference; fileEncoding = 4; lastKnownFileType = sourcecode.c.objc; path = OSBPreferencesController.m; sourceTree = "<group>"; };
		27FA85A01568A81300E9CEE6 /* GeneralPrefsViewController.xib */ = {isa = PBXFileReference; fileEncoding = 4; lastKnownFileType = file.xib; path = GeneralPrefsViewController.xib; sourceTree = "<group>"; };
		27FA85A21568ACB600E9CEE6 /* GeneralPrefsViewController.h */ = {isa = PBXFileReference; fileEncoding = 4; lastKnownFileType = sourcecode.c.h; path = GeneralPrefsViewController.h; sourceTree = "<group>"; };
		27FA85A31568ACB600E9CEE6 /* GeneralPrefsViewController.m */ = {isa = PBXFileReference; fileEncoding = 4; lastKnownFileType = sourcecode.c.objc; path = GeneralPrefsViewController.m; sourceTree = "<group>"; };
/* End PBXFileReference section */

/* Begin PBXFrameworksBuildPhase section */
		27A3E5D7156852B2009FB65C /* Frameworks */ = {
			isa = PBXFrameworksBuildPhase;
			buildActionMask = 2147483647;
			files = (
				2707CC801572B91D00AEFA93 /* CoreWLAN.framework in Frameworks */,
				2707CC771572A23200AEFA93 /* Apple80211 in Frameworks */,
				27A3E5DF156852B2009FB65C /* Cocoa.framework in Frameworks */,
			);
			runOnlyForDeploymentPostprocessing = 0;
		};
		27A3E5F7156852B3009FB65C /* Frameworks */ = {
			isa = PBXFrameworksBuildPhase;
			buildActionMask = 2147483647;
			files = (
				27A3E5FD156852B3009FB65C /* SenTestingKit.framework in Frameworks */,
				27A3E5FE156852B3009FB65C /* Cocoa.framework in Frameworks */,
			);
			runOnlyForDeploymentPostprocessing = 0;
		};
/* End PBXFrameworksBuildPhase section */

/* Begin PBXGroup section */
		2707CC721572996900AEFA93 /* Apple80211 */ = {
			isa = PBXGroup;
			children = (
				2707CC731572997E00AEFA93 /* Apple80211.h */,
			);
			name = Apple80211;
			path = Map;
			sourceTree = "<group>";
		};
		277AB0B41568B2CB00226191 /* GeneralPrefs */ = {
			isa = PBXGroup;
			children = (
				27FA85A21568ACB600E9CEE6 /* GeneralPrefsViewController.h */,
				27FA85A31568ACB600E9CEE6 /* GeneralPrefsViewController.m */,
				27FA85A01568A81300E9CEE6 /* GeneralPrefsViewController.xib */,
			);
			name = GeneralPrefs;
			sourceTree = "<group>";
		};
		277AB0BC1568B8B600226191 /* AdvancedPrefs */ = {
			isa = PBXGroup;
			children = (
				277AB0B71568B49A00226191 /* AdvancedPrefsViewController.h */,
				277AB0B81568B49A00226191 /* AdvancedPrefsViewController.m */,
				277AB0B91568B49A00226191 /* AdvancedPrefsViewController.xib */,
			);
			name = AdvancedPrefs;
			sourceTree = "<group>";
		};
		27A3E5CF156852B1009FB65C = {
			isa = PBXGroup;
			children = (
				2707CC7F1572B91D00AEFA93 /* CoreWLAN.framework */,
				2707CC761572A23200AEFA93 /* Apple80211 */,
				27A3E5E4156852B2009FB65C /* Map */,
				27A3E601156852B3009FB65C /* MapTests */,
				27A3E5DD156852B2009FB65C /* Frameworks */,
				27A3E5DB156852B2009FB65C /* Products */,
			);
			sourceTree = "<group>";
		};
		27A3E5DB156852B2009FB65C /* Products */ = {
			isa = PBXGroup;
			children = (
				27A3E5DA156852B2009FB65C /* Map.app */,
				27A3E5FB156852B3009FB65C /* MapTests.octest */,
			);
			name = Products;
			sourceTree = "<group>";
		};
		27A3E5DD156852B2009FB65C /* Frameworks */ = {
			isa = PBXGroup;
			children = (
				2707CC721572996900AEFA93 /* Apple80211 */,
				27A3E5DE156852B2009FB65C /* Cocoa.framework */,
				27A3E5FC156852B3009FB65C /* SenTestingKit.framework */,
				27A3E5E0156852B2009FB65C /* Other Frameworks */,
			);
			name = Frameworks;
			sourceTree = "<group>";
		};
		27A3E5E0156852B2009FB65C /* Other Frameworks */ = {
			isa = PBXGroup;
			children = (
				27A3E5E1156852B2009FB65C /* AppKit.framework */,
				27A3E5E2156852B2009FB65C /* CoreData.framework */,
				27A3E5E3156852B2009FB65C /* Foundation.framework */,
			);
			name = "Other Frameworks";
			sourceTree = "<group>";
		};
		27A3E5E4156852B2009FB65C /* Map */ = {
			isa = PBXGroup;
			children = (
				2788833215770CCC00B49E8A /* LocationViewController.xib */,
				276D087215772042003F8232 /* LocationViewController.h */,
				276D087315772042003F8232 /* LocationViewController.m */,
				27FA85971568A57600E9CEE6 /* 3rdPartyLibs */,
				27A3E619156876CA009FB65C /* PreferencesPanel.h */,
				2707CC9F1572CF0600AEFA93 /* WifiScanner.h */,
				2707CCA01572CF0600AEFA93 /* WifiScanner.m */,
				27A3E61A156876CA009FB65C /* PreferencesPanel.m */,
				27A3E5F0156852B2009FB65C /* AppDelegate.h */,
				27A3E5F1156852B2009FB65C /* AppDelegate.m */,
				2707CC6E1571B7EF00AEFA93 /* SliderHelper.c */,
				2707CC711571C5BF00AEFA93 /* SliderHelper.h */,
				27A3E5F3156852B2009FB65C /* MainMenu.xib */,
				277AB0BC1568B8B600226191 /* AdvancedPrefs */,
				277AB0B41568B2CB00226191 /* GeneralPrefs */,
				27A3E5E5156852B2009FB65C /* Supporting Files */,
			);
			path = Map;
			sourceTree = "<group>";
		};
		27A3E5E5156852B2009FB65C /* Supporting Files */ = {
			isa = PBXGroup;
			children = (
				275AB0531578612300EFD9B5 /* demoIconDisabled.png */,
				27A3E6121568627F009FB65C /* demoIcon.png */,
				27A3E6131568627F009FB65C /* demoIconWhite.png */,
				27A3E5E6156852B2009FB65C /* Map-Info.plist */,
				27A3E5E7156852B2009FB65C /* InfoPlist.strings */,
				27A3E5EA156852B2009FB65C /* main.m */,
				27A3E5EC156852B2009FB65C /* Map-Prefix.pch */,
				27A3E5ED156852B2009FB65C /* Credits.rtf */,
			);
			name = "Supporting Files";
			sourceTree = "<group>";
		};
		27A3E601156852B3009FB65C /* MapTests */ = {
			isa = PBXGroup;
			children = (
				27A3E607156852B3009FB65C /* MapTests.h */,
				27A3E608156852B3009FB65C /* MapTests.m */,
				27A3E602156852B3009FB65C /* Supporting Files */,
			);
			path = MapTests;
			sourceTree = "<group>";
		};
		27A3E602156852B3009FB65C /* Supporting Files */ = {
			isa = PBXGroup;
			children = (
				27A3E603156852B3009FB65C /* MapTests-Info.plist */,
				27A3E604156852B3009FB65C /* InfoPlist.strings */,
			);
			name = "Supporting Files";
			sourceTree = "<group>";
		};
		27FA85971568A57600E9CEE6 /* 3rdPartyLibs */ = {
			isa = PBXGroup;
			children = (
				27FA85981568A57600E9CEE6 /* OSBPreferencesController.h */,
				27FA85991568A57600E9CEE6 /* OSBPreferencesController.m */,
			);
			path = 3rdPartyLibs;
			sourceTree = "<group>";
		};
/* End PBXGroup section */

/* Begin PBXNativeTarget section */
		27A3E5D9156852B2009FB65C /* Map */ = {
			isa = PBXNativeTarget;
			buildConfigurationList = 27A3E60C156852B3009FB65C /* Build configuration list for PBXNativeTarget "Map" */;
			buildPhases = (
				27A3E5D6156852B2009FB65C /* Sources */,
				27A3E5D7156852B2009FB65C /* Frameworks */,
				27A3E5D8156852B2009FB65C /* Resources */,
			);
			buildRules = (
			);
			dependencies = (
			);
			name = Map;
			productName = Map;
			productReference = 27A3E5DA156852B2009FB65C /* Map.app */;
			productType = "com.apple.product-type.application";
		};
		27A3E5FA156852B3009FB65C /* MapTests */ = {
			isa = PBXNativeTarget;
			buildConfigurationList = 27A3E60F156852B3009FB65C /* Build configuration list for PBXNativeTarget "MapTests" */;
			buildPhases = (
				27A3E5F6156852B3009FB65C /* Sources */,
				27A3E5F7156852B3009FB65C /* Frameworks */,
				27A3E5F8156852B3009FB65C /* Resources */,
				27A3E5F9156852B3009FB65C /* ShellScript */,
			);
			buildRules = (
			);
			dependencies = (
				27A3E600156852B3009FB65C /* PBXTargetDependency */,
			);
			name = MapTests;
			productName = MapTests;
			productReference = 27A3E5FB156852B3009FB65C /* MapTests.octest */;
			productType = "com.apple.product-type.bundle";
		};
/* End PBXNativeTarget section */

/* Begin PBXProject section */
		27A3E5D1156852B1009FB65C /* Project object */ = {
			isa = PBXProject;
			attributes = {
				LastUpgradeCheck = 0430;
				ORGANIZATIONNAME = "Franklin W. Olin College of Engineering";
			};
			buildConfigurationList = 27A3E5D4156852B1009FB65C /* Build configuration list for PBXProject "Map" */;
			compatibilityVersion = "Xcode 3.2";
			developmentRegion = English;
			hasScannedForEncodings = 0;
			knownRegions = (
				en,
			);
			mainGroup = 27A3E5CF156852B1009FB65C;
			productRefGroup = 27A3E5DB156852B2009FB65C /* Products */;
			projectDirPath = "";
			projectRoot = "";
			targets = (
				27A3E5D9156852B2009FB65C /* Map */,
				27A3E5FA156852B3009FB65C /* MapTests */,
			);
		};
/* End PBXProject section */

/* Begin PBXResourcesBuildPhase section */
		27A3E5D8156852B2009FB65C /* Resources */ = {
			isa = PBXResourcesBuildPhase;
			buildActionMask = 2147483647;
			files = (
				27A3E5E9156852B2009FB65C /* InfoPlist.strings in Resources */,
				27A3E5EF156852B2009FB65C /* Credits.rtf in Resources */,
				27A3E5F5156852B2009FB65C /* MainMenu.xib in Resources */,
				27A3E6141568627F009FB65C /* demoIcon.png in Resources */,
				27A3E6151568627F009FB65C /* demoIconWhite.png in Resources */,
				27FA85A11568A81300E9CEE6 /* GeneralPrefsViewController.xib in Resources */,
				277AB0BB1568B49A00226191 /* AdvancedPrefsViewController.xib in Resources */,
				2788833315770CCC00B49E8A /* LocationViewController.xib in Resources */,
				275AB0541578612300EFD9B5 /* demoIconDisabled.png in Resources */,
			);
			runOnlyForDeploymentPostprocessing = 0;
		};
		27A3E5F8156852B3009FB65C /* Resources */ = {
			isa = PBXResourcesBuildPhase;
			buildActionMask = 2147483647;
			files = (
				27A3E606156852B3009FB65C /* InfoPlist.strings in Resources */,
			);
			runOnlyForDeploymentPostprocessing = 0;
		};
/* End PBXResourcesBuildPhase section */

/* Begin PBXShellScriptBuildPhase section */
		27A3E5F9156852B3009FB65C /* ShellScript */ = {
			isa = PBXShellScriptBuildPhase;
			buildActionMask = 2147483647;
			files = (
			);
			inputPaths = (
			);
			outputPaths = (
			);
			runOnlyForDeploymentPostprocessing = 0;
			shellPath = /bin/sh;
			shellScript = "# Run the unit tests in this test bundle.\n\"${SYSTEM_DEVELOPER_DIR}/Tools/RunUnitTests\"\n";
		};
/* End PBXShellScriptBuildPhase section */

/* Begin PBXSourcesBuildPhase section */
		27A3E5D6156852B2009FB65C /* Sources */ = {
			isa = PBXSourcesBuildPhase;
			buildActionMask = 2147483647;
			files = (
				27A3E5EB156852B2009FB65C /* main.m in Sources */,
				27A3E5F2156852B2009FB65C /* AppDelegate.m in Sources */,
				27A3E61B156876CA009FB65C /* PreferencesPanel.m in Sources */,
				27FA859A1568A57600E9CEE6 /* OSBPreferencesController.m in Sources */,
				27FA85A41568ACB600E9CEE6 /* GeneralPrefsViewController.m in Sources */,
				277AB0BA1568B49A00226191 /* AdvancedPrefsViewController.m in Sources */,
				2707CC6F1571B7EF00AEFA93 /* SliderHelper.c in Sources */,
				2707CCA11572CF0600AEFA93 /* WifiScanner.m in Sources */,
				276D087415772042003F8232 /* LocationViewController.m in Sources */,
			);
			runOnlyForDeploymentPostprocessing = 0;
		};
		27A3E5F6156852B3009FB65C /* Sources */ = {
			isa = PBXSourcesBuildPhase;
			buildActionMask = 2147483647;
			files = (
				27A3E609156852B3009FB65C /* MapTests.m in Sources */,
			);
			runOnlyForDeploymentPostprocessing = 0;
		};
/* End PBXSourcesBuildPhase section */

/* Begin PBXTargetDependency section */
		27A3E600156852B3009FB65C /* PBXTargetDependency */ = {
			isa = PBXTargetDependency;
			target = 27A3E5D9156852B2009FB65C /* Map */;
			targetProxy = 27A3E5FF156852B3009FB65C /* PBXContainerItemProxy */;
		};
/* End PBXTargetDependency section */

/* Begin PBXVariantGroup section */
		27A3E5E7156852B2009FB65C /* InfoPlist.strings */ = {
			isa = PBXVariantGroup;
			children = (
				27A3E5E8156852B2009FB65C /* en */,
			);
			name = InfoPlist.strings;
			sourceTree = "<group>";
		};
		27A3E5ED156852B2009FB65C /* Credits.rtf */ = {
			isa = PBXVariantGroup;
			children = (
				27A3E5EE156852B2009FB65C /* en */,
			);
			name = Credits.rtf;
			sourceTree = "<group>";
		};
		27A3E5F3156852B2009FB65C /* MainMenu.xib */ = {
			isa = PBXVariantGroup;
			children = (
				27A3E5F4156852B2009FB65C /* en */,
			);
			name = MainMenu.xib;
			sourceTree = "<group>";
		};
		27A3E604156852B3009FB65C /* InfoPlist.strings */ = {
			isa = PBXVariantGroup;
			children = (
				27A3E605156852B3009FB65C /* en */,
			);
			name = InfoPlist.strings;
			sourceTree = "<group>";
		};
/* End PBXVariantGroup section */

/* Begin XCBuildConfiguration section */
		27A3E60A156852B3009FB65C /* Debug */ = {
			isa = XCBuildConfiguration;
			buildSettings = {
				ALWAYS_SEARCH_USER_PATHS = NO;
				ARCHS = "$(ARCHS_STANDARD_64_BIT)";
				CLANG_ENABLE_OBJC_ARC = YES;
				COPY_PHASE_STRIP = NO;
				GCC_C_LANGUAGE_STANDARD = gnu99;
				GCC_DYNAMIC_NO_PIC = NO;
				GCC_ENABLE_OBJC_EXCEPTIONS = YES;
				GCC_OPTIMIZATION_LEVEL = 0;
				GCC_PREPROCESSOR_DEFINITIONS = (
					"DEBUG=1",
					"$(inherited)",
				);
				GCC_SYMBOLS_PRIVATE_EXTERN = NO;
				GCC_VERSION = com.apple.compilers.llvm.clang.1_0;
				GCC_WARN_64_TO_32_BIT_CONVERSION = YES;
				GCC_WARN_ABOUT_MISSING_PROTOTYPES = YES;
				GCC_WARN_ABOUT_RETURN_TYPE = YES;
				GCC_WARN_UNUSED_VARIABLE = YES;
				MACOSX_DEPLOYMENT_TARGET = 10.7;
				ONLY_ACTIVE_ARCH = YES;
				SDKROOT = macosx;
			};
			name = Debug;
		};
		27A3E60B156852B3009FB65C /* Release */ = {
			isa = XCBuildConfiguration;
			buildSettings = {
				ALWAYS_SEARCH_USER_PATHS = NO;
				ARCHS = "$(ARCHS_STANDARD_64_BIT)";
				CLANG_ENABLE_OBJC_ARC = YES;
				COPY_PHASE_STRIP = YES;
				DEBUG_INFORMATION_FORMAT = "dwarf-with-dsym";
				GCC_C_LANGUAGE_STANDARD = gnu99;
				GCC_ENABLE_OBJC_EXCEPTIONS = YES;
				GCC_VERSION = com.apple.compilers.llvm.clang.1_0;
				GCC_WARN_64_TO_32_BIT_CONVERSION = YES;
				GCC_WARN_ABOUT_MISSING_PROTOTYPES = YES;
				GCC_WARN_ABOUT_RETURN_TYPE = YES;
				GCC_WARN_UNUSED_VARIABLE = YES;
				MACOSX_DEPLOYMENT_TARGET = 10.7;
				SDKROOT = macosx;
			};
			name = Release;
		};
		27A3E60D156852B3009FB65C /* Debug */ = {
			isa = XCBuildConfiguration;
			buildSettings = {
				GCC_PRECOMPILE_PREFIX_HEADER = YES;
				GCC_PREFIX_HEADER = "Map/Map-Prefix.pch";
				INFOPLIST_FILE = "Map/Map-Info.plist";
				LIBRARY_SEARCH_PATHS = (
					"$(inherited)",
					"\"$(SYSTEM_LIBRARY_DIR)/PrivateFrameworks/Apple80211.framework/Versions/A\"",
				);
				PRODUCT_NAME = "$(TARGET_NAME)";
				WRAPPER_EXTENSION = app;
			};
			name = Debug;
		};
		27A3E60E156852B3009FB65C /* Release */ = {
			isa = XCBuildConfiguration;
			buildSettings = {
				GCC_PRECOMPILE_PREFIX_HEADER = YES;
				GCC_PREFIX_HEADER = "Map/Map-Prefix.pch";
				INFOPLIST_FILE = "Map/Map-Info.plist";
				LIBRARY_SEARCH_PATHS = (
					"$(inherited)",
					"\"$(SYSTEM_LIBRARY_DIR)/PrivateFrameworks/Apple80211.framework/Versions/A\"",
				);
				PRODUCT_NAME = "$(TARGET_NAME)";
				WRAPPER_EXTENSION = app;
			};
			name = Release;
		};
		27A3E610156852B3009FB65C /* Debug */ = {
			isa = XCBuildConfiguration;
			buildSettings = {
				BUNDLE_LOADER = "$(BUILT_PRODUCTS_DIR)/Map.app/Contents/MacOS/Map";
				FRAMEWORK_SEARCH_PATHS = "$(DEVELOPER_LIBRARY_DIR)/Frameworks";
				GCC_PRECOMPILE_PREFIX_HEADER = YES;
				GCC_PREFIX_HEADER = "Map/Map-Prefix.pch";
				INFOPLIST_FILE = "MapTests/MapTests-Info.plist";
				PRODUCT_NAME = "$(TARGET_NAME)";
				TEST_HOST = "$(BUNDLE_LOADER)";
				WRAPPER_EXTENSION = octest;
			};
			name = Debug;
		};
		27A3E611156852B3009FB65C /* Release */ = {
			isa = XCBuildConfiguration;
			buildSettings = {
				BUNDLE_LOADER = "$(BUILT_PRODUCTS_DIR)/Map.app/Contents/MacOS/Map";
				FRAMEWORK_SEARCH_PATHS = "$(DEVELOPER_LIBRARY_DIR)/Frameworks";
				GCC_PRECOMPILE_PREFIX_HEADER = YES;
				GCC_PREFIX_HEADER = "Map/Map-Prefix.pch";
				INFOPLIST_FILE = "MapTests/MapTests-Info.plist";
				PRODUCT_NAME = "$(TARGET_NAME)";
				TEST_HOST = "$(BUNDLE_LOADER)";
				WRAPPER_EXTENSION = octest;
			};
			name = Release;
		};
/* End XCBuildConfiguration section */

/* Begin XCConfigurationList section */
		27A3E5D4156852B1009FB65C /* Build configuration list for PBXProject "Map" */ = {
			isa = XCConfigurationList;
			buildConfigurations = (
				27A3E60A156852B3009FB65C /* Debug */,
				27A3E60B156852B3009FB65C /* Release */,
			);
			defaultConfigurationIsVisible = 0;
			defaultConfigurationName = Release;
		};
		27A3E60C156852B3009FB65C /* Build configuration list for PBXNativeTarget "Map" */ = {
			isa = XCConfigurationList;
			buildConfigurations = (
				27A3E60D156852B3009FB65C /* Debug */,
				27A3E60E156852B3009FB65C /* Release */,
			);
			defaultConfigurationIsVisible = 0;
			defaultConfigurationName = Release;
		};
		27A3E60F156852B3009FB65C /* Build configuration list for PBXNativeTarget "MapTests" */ = {
			isa = XCConfigurationList;
			buildConfigurations = (
				27A3E610156852B3009FB65C /* Debug */,
				27A3E611156852B3009FB65C /* Release */,
			);
			defaultConfigurationIsVisible = 0;
			defaultConfigurationName = Release;
		};
/* End XCConfigurationList section */
	};
	rootObject = 27A3E5D1156852B1009FB65C /* Project object */;
}
