// !$*UTF8*$!
{
	archiveVersion = 1;
	classes = {
	};
	objectVersion = 46;
	objects = {

/* Begin PBXBuildFile section */
		2707CC801572B91D00AEFA93 /* CoreWLAN.framework in Frameworks */ = {isa = PBXBuildFile; fileRef = 2707CC7F1572B91D00AEFA93 /* CoreWLAN.framework */; };
		27429578158199DD004EE5C2 /* WifiScanner.m in Sources */ = {isa = PBXBuildFile; fileRef = 27429577158199DD004EE5C2 /* WifiScanner.m */; };
		2742958A15819AC9004EE5C2 /* LocationViewController.m in Sources */ = {isa = PBXBuildFile; fileRef = 2742957B15819AC9004EE5C2 /* LocationViewController.m */; };
		2742958B15819AC9004EE5C2 /* LocationViewController.xib in Resources */ = {isa = PBXBuildFile; fileRef = 2742957C15819AC9004EE5C2 /* LocationViewController.xib */; };
		2742958C15819AC9004EE5C2 /* AdvancedPrefsViewController.m in Sources */ = {isa = PBXBuildFile; fileRef = 2742958015819AC9004EE5C2 /* AdvancedPrefsViewController.m */; };
		2742958D15819AC9004EE5C2 /* AdvancedPrefsView.xib in Resources */ = {isa = PBXBuildFile; fileRef = 2742958115819AC9004EE5C2 /* AdvancedPrefsView.xib */; };
		2742958E15819AC9004EE5C2 /* SliderHelper.c in Sources */ = {isa = PBXBuildFile; fileRef = 2742958215819AC9004EE5C2 /* SliderHelper.c */; };
		2742958F15819AC9004EE5C2 /* GeneralPrefsViewController.m in Sources */ = {isa = PBXBuildFile; fileRef = 2742958615819AC9004EE5C2 /* GeneralPrefsViewController.m */; };
		2742959015819AC9004EE5C2 /* GeneralPrefsView.xib in Resources */ = {isa = PBXBuildFile; fileRef = 2742958715819AC9004EE5C2 /* GeneralPrefsView.xib */; };
		2742959115819AC9004EE5C2 /* PreferencesPanel.m in Sources */ = {isa = PBXBuildFile; fileRef = 2742958915819AC9004EE5C2 /* PreferencesPanel.m */; };
		275AB0541578612300EFD9B5 /* demoIconDisabled.png in Resources */ = {isa = PBXBuildFile; fileRef = 275AB0531578612300EFD9B5 /* demoIconDisabled.png */; };
		275AB05C157866A500EFD9B5 /* Localizable.strings in Resources */ = {isa = PBXBuildFile; fileRef = 275AB05E157866A500EFD9B5 /* Localizable.strings */; };
		276CFA3216A7B27100A51AEE /* FakeScanResult.m in Sources */ = {isa = PBXBuildFile; fileRef = 276CFA3116A7B27100A51AEE /* FakeScanResult.m */; };
		276DBC5E1654169C00AF5659 /* SystemConfiguration.framework in Frameworks */ = {isa = PBXBuildFile; fileRef = 276DBC5D1654169C00AF5659 /* SystemConfiguration.framework */; };
		278739FA15856AD200DDC24C /* OSBPreferencesController.m in Sources */ = {isa = PBXBuildFile; fileRef = 278739F915856AD200DDC24C /* OSBPreferencesController.m */; };
		27988759163E746100F84D51 /* Foundation.framework in Frameworks */ = {isa = PBXBuildFile; fileRef = 27A3E5E3156852B2009FB65C /* Foundation.framework */; };
		27A3E5DF156852B2009FB65C /* Cocoa.framework in Frameworks */ = {isa = PBXBuildFile; fileRef = 27A3E5DE156852B2009FB65C /* Cocoa.framework */; };
		27A3E5E9156852B2009FB65C /* InfoPlist.strings in Resources */ = {isa = PBXBuildFile; fileRef = 27A3E5E7156852B2009FB65C /* InfoPlist.strings */; };
		27A3E5EB156852B2009FB65C /* main.m in Sources */ = {isa = PBXBuildFile; fileRef = 27A3E5EA156852B2009FB65C /* main.m */; };
		27A3E5EF156852B2009FB65C /* Credits.rtf in Resources */ = {isa = PBXBuildFile; fileRef = 27A3E5ED156852B2009FB65C /* Credits.rtf */; };
		27A3E5F2156852B2009FB65C /* AppDelegate.m in Sources */ = {isa = PBXBuildFile; fileRef = 27A3E5F1156852B2009FB65C /* AppDelegate.m */; };
		27A3E5F5156852B2009FB65C /* MainMenu.xib in Resources */ = {isa = PBXBuildFile; fileRef = 27A3E5F3156852B2009FB65C /* MainMenu.xib */; };
		27A3E5FD156852B3009FB65C /* SenTestingKit.framework in Frameworks */ = {isa = PBXBuildFile; fileRef = 27A3E5FC156852B3009FB65C /* SenTestingKit.framework */; };
		27A3E5FE156852B3009FB65C /* Cocoa.framework in Frameworks */ = {isa = PBXBuildFile; fileRef = 27A3E5DE156852B2009FB65C /* Cocoa.framework */; };
		27A3E606156852B3009FB65C /* InfoPlist.strings in Resources */ = {isa = PBXBuildFile; fileRef = 27A3E604156852B3009FB65C /* InfoPlist.strings */; };
		27A3E609156852B3009FB65C /* MapTests.m in Sources */ = {isa = PBXBuildFile; fileRef = 27A3E608156852B3009FB65C /* MapTests.m */; };
		27A3E6141568627F009FB65C /* demoIcon.png in Resources */ = {isa = PBXBuildFile; fileRef = 27A3E6121568627F009FB65C /* demoIcon.png */; };
		27A3E6151568627F009FB65C /* demoIconWhite.png in Resources */ = {isa = PBXBuildFile; fileRef = 27A3E6131568627F009FB65C /* demoIconWhite.png */; };
		27B47CEE16D05055000853E5 /* AFHTTPClient.m in Sources */ = {isa = PBXBuildFile; fileRef = 27B47CDC16D05055000853E5 /* AFHTTPClient.m */; };
		27B47CEF16D05055000853E5 /* AFHTTPRequestOperation.m in Sources */ = {isa = PBXBuildFile; fileRef = 27B47CDE16D05055000853E5 /* AFHTTPRequestOperation.m */; };
		27B47CF016D05055000853E5 /* AFImageRequestOperation.m in Sources */ = {isa = PBXBuildFile; fileRef = 27B47CE016D05055000853E5 /* AFImageRequestOperation.m */; };
		27B47CF116D05055000853E5 /* AFJSONRequestOperation.m in Sources */ = {isa = PBXBuildFile; fileRef = 27B47CE216D05055000853E5 /* AFJSONRequestOperation.m */; };
		27B47CF216D05055000853E5 /* AFNetworkActivityIndicatorManager.m in Sources */ = {isa = PBXBuildFile; fileRef = 27B47CE416D05055000853E5 /* AFNetworkActivityIndicatorManager.m */; };
		27B47CF316D05055000853E5 /* AFPropertyListRequestOperation.m in Sources */ = {isa = PBXBuildFile; fileRef = 27B47CE716D05055000853E5 /* AFPropertyListRequestOperation.m */; };
		27B47CF416D05055000853E5 /* AFURLConnectionOperation.m in Sources */ = {isa = PBXBuildFile; fileRef = 27B47CE916D05055000853E5 /* AFURLConnectionOperation.m */; };
		27B47CF516D05055000853E5 /* AFXMLRequestOperation.m in Sources */ = {isa = PBXBuildFile; fileRef = 27B47CEB16D05055000853E5 /* AFXMLRequestOperation.m */; };
		27B47CF616D05055000853E5 /* UIImageView+AFNetworking.m in Sources */ = {isa = PBXBuildFile; fileRef = 27B47CED16D05055000853E5 /* UIImageView+AFNetworking.m */; };
		27F9E14B158AD2F5008AD07A /* NetworkManager.m in Sources */ = {isa = PBXBuildFile; fileRef = 27F9E14A158AD2F5008AD07A /* NetworkManager.m */; };
		27F9E14F158C27E7008AD07A /* NSString+NSString_URLManipulation.m in Sources */ = {isa = PBXBuildFile; fileRef = 27F9E14E158C27E7008AD07A /* NSString+NSString_URLManipulation.m */; };
/* End PBXBuildFile section */

/* Begin PBXContainerItemProxy section */
		27A3E5FF156852B3009FB65C /* PBXContainerItemProxy */ = {
			isa = PBXContainerItemProxy;
			containerPortal = 27A3E5D1156852B1009FB65C /* Project object */;
			proxyType = 1;
			remoteGlobalIDString = 27A3E5D9156852B2009FB65C;
			remoteInfo = Map;
		};
/* End PBXContainerItemProxy section */

/* Begin PBXCopyFilesBuildPhase section */
		2706C829158854FC0012832F /* CopyFiles */ = {
			isa = PBXCopyFilesBuildPhase;
			buildActionMask = 2147483647;
			dstPath = Web;
			dstSubfolderSpec = 7;
			files = (
			);
			runOnlyForDeploymentPostprocessing = 0;
		};
/* End PBXCopyFilesBuildPhase section */

/* Begin PBXFileReference section */
		2707CC7F1572B91D00AEFA93 /* CoreWLAN.framework */ = {isa = PBXFileReference; lastKnownFileType = wrapper.framework; name = CoreWLAN.framework; path = System/Library/Frameworks/CoreWLAN.framework; sourceTree = SDKROOT; };
		27429576158199DD004EE5C2 /* WifiScanner.h */ = {isa = PBXFileReference; fileEncoding = 4; lastKnownFileType = sourcecode.c.h; path = WifiScanner.h; sourceTree = "<group>"; };
		27429577158199DD004EE5C2 /* WifiScanner.m */ = {isa = PBXFileReference; fileEncoding = 4; lastKnownFileType = sourcecode.c.objc; path = WifiScanner.m; sourceTree = "<group>"; };
		2742957A15819AC9004EE5C2 /* LocationViewController.h */ = {isa = PBXFileReference; fileEncoding = 4; lastKnownFileType = sourcecode.c.h; path = LocationViewController.h; sourceTree = "<group>"; };
		2742957B15819AC9004EE5C2 /* LocationViewController.m */ = {isa = PBXFileReference; fileEncoding = 4; lastKnownFileType = sourcecode.c.objc; path = LocationViewController.m; sourceTree = "<group>"; };
		2742957C15819AC9004EE5C2 /* LocationViewController.xib */ = {isa = PBXFileReference; fileEncoding = 4; lastKnownFileType = file.xib; path = LocationViewController.xib; sourceTree = "<group>"; };
		2742957F15819AC9004EE5C2 /* AdvancedPrefsViewController.h */ = {isa = PBXFileReference; fileEncoding = 4; lastKnownFileType = sourcecode.c.h; path = AdvancedPrefsViewController.h; sourceTree = "<group>"; };
		2742958015819AC9004EE5C2 /* AdvancedPrefsViewController.m */ = {isa = PBXFileReference; fileEncoding = 4; lastKnownFileType = sourcecode.c.objc; path = AdvancedPrefsViewController.m; sourceTree = "<group>"; };
		2742958115819AC9004EE5C2 /* AdvancedPrefsView.xib */ = {isa = PBXFileReference; fileEncoding = 4; lastKnownFileType = file.xib; path = AdvancedPrefsView.xib; sourceTree = "<group>"; };
		2742958215819AC9004EE5C2 /* SliderHelper.c */ = {isa = PBXFileReference; fileEncoding = 4; lastKnownFileType = sourcecode.c.c; path = SliderHelper.c; sourceTree = "<group>"; };
		2742958315819AC9004EE5C2 /* SliderHelper.h */ = {isa = PBXFileReference; fileEncoding = 4; lastKnownFileType = sourcecode.c.h; path = SliderHelper.h; sourceTree = "<group>"; };
		2742958515819AC9004EE5C2 /* GeneralPrefsViewController.h */ = {isa = PBXFileReference; fileEncoding = 4; lastKnownFileType = sourcecode.c.h; path = GeneralPrefsViewController.h; sourceTree = "<group>"; };
		2742958615819AC9004EE5C2 /* GeneralPrefsViewController.m */ = {isa = PBXFileReference; fileEncoding = 4; lastKnownFileType = sourcecode.c.objc; path = GeneralPrefsViewController.m; sourceTree = "<group>"; };
		2742958715819AC9004EE5C2 /* GeneralPrefsView.xib */ = {isa = PBXFileReference; fileEncoding = 4; lastKnownFileType = file.xib; path = GeneralPrefsView.xib; sourceTree = "<group>"; };
		2742958815819AC9004EE5C2 /* PreferencesPanel.h */ = {isa = PBXFileReference; fileEncoding = 4; lastKnownFileType = sourcecode.c.h; path = PreferencesPanel.h; sourceTree = "<group>"; };
		2742958915819AC9004EE5C2 /* PreferencesPanel.m */ = {isa = PBXFileReference; fileEncoding = 4; lastKnownFileType = sourcecode.c.objc; path = PreferencesPanel.m; sourceTree = "<group>"; };
		275AB0531578612300EFD9B5 /* demoIconDisabled.png */ = {isa = PBXFileReference; lastKnownFileType = image.png; path = demoIconDisabled.png; sourceTree = "<group>"; };
		275AB05D157866A500EFD9B5 /* en */ = {isa = PBXFileReference; lastKnownFileType = text.plist.strings; name = en; path = en.lproj/Localizable.strings; sourceTree = "<group>"; };
		275AB05F157866C700EFD9B5 /* de */ = {isa = PBXFileReference; lastKnownFileType = text.plist.strings; name = de; path = de.lproj/Localizable.strings; sourceTree = "<group>"; };
		2761A2831584221E00E17BC2 /* de */ = {isa = PBXFileReference; lastKnownFileType = text.rtf; name = de; path = de.lproj/Credits.rtf; sourceTree = "<group>"; };
		276CFA3016A7B27100A51AEE /* FakeScanResult.h */ = {isa = PBXFileReference; fileEncoding = 4; lastKnownFileType = sourcecode.c.h; path = FakeScanResult.h; sourceTree = "<group>"; };
		276CFA3116A7B27100A51AEE /* FakeScanResult.m */ = {isa = PBXFileReference; fileEncoding = 4; lastKnownFileType = sourcecode.c.objc; path = FakeScanResult.m; sourceTree = "<group>"; };
		276DBC5D1654169C00AF5659 /* SystemConfiguration.framework */ = {isa = PBXFileReference; lastKnownFileType = wrapper.framework; name = SystemConfiguration.framework; path = System/Library/Frameworks/SystemConfiguration.framework; sourceTree = SDKROOT; };
		2772829015841D9400D130D0 /* de */ = {isa = PBXFileReference; lastKnownFileType = text.plist.strings; name = de; path = de.lproj/InfoPlist.strings; sourceTree = "<group>"; };
		278739F815856AD200DDC24C /* OSBPreferencesController.h */ = {isa = PBXFileReference; fileEncoding = 4; lastKnownFileType = sourcecode.c.h; path = OSBPreferencesController.h; sourceTree = "<group>"; };
		278739F915856AD200DDC24C /* OSBPreferencesController.m */ = {isa = PBXFileReference; fileEncoding = 4; lastKnownFileType = sourcecode.c.objc; path = OSBPreferencesController.m; sourceTree = "<group>"; };
		27873A1E15856CFC00DDC24C /* Security.framework */ = {isa = PBXFileReference; lastKnownFileType = wrapper.framework; name = Security.framework; path = System/Library/Frameworks/Security.framework; sourceTree = SDKROOT; };
		27A3E5DA156852B2009FB65C /* Map.app */ = {isa = PBXFileReference; explicitFileType = wrapper.application; includeInIndex = 0; path = Map.app; sourceTree = BUILT_PRODUCTS_DIR; };
		27A3E5DE156852B2009FB65C /* Cocoa.framework */ = {isa = PBXFileReference; lastKnownFileType = wrapper.framework; name = Cocoa.framework; path = System/Library/Frameworks/Cocoa.framework; sourceTree = SDKROOT; };
		27A3E5E1156852B2009FB65C /* AppKit.framework */ = {isa = PBXFileReference; lastKnownFileType = wrapper.framework; name = AppKit.framework; path = System/Library/Frameworks/AppKit.framework; sourceTree = SDKROOT; };
		27A3E5E2156852B2009FB65C /* CoreData.framework */ = {isa = PBXFileReference; lastKnownFileType = wrapper.framework; name = CoreData.framework; path = System/Library/Frameworks/CoreData.framework; sourceTree = SDKROOT; };
		27A3E5E3156852B2009FB65C /* Foundation.framework */ = {isa = PBXFileReference; lastKnownFileType = wrapper.framework; name = Foundation.framework; path = System/Library/Frameworks/Foundation.framework; sourceTree = SDKROOT; };
		27A3E5E6156852B2009FB65C /* Map-Info.plist */ = {isa = PBXFileReference; lastKnownFileType = text.plist.xml; path = "Map-Info.plist"; sourceTree = "<group>"; };
		27A3E5E8156852B2009FB65C /* en */ = {isa = PBXFileReference; lastKnownFileType = text.plist.strings; name = en; path = en.lproj/InfoPlist.strings; sourceTree = "<group>"; };
		27A3E5EA156852B2009FB65C /* main.m */ = {isa = PBXFileReference; lastKnownFileType = sourcecode.c.objc; path = main.m; sourceTree = "<group>"; };
		27A3E5EC156852B2009FB65C /* Map-Prefix.pch */ = {isa = PBXFileReference; lastKnownFileType = sourcecode.c.h; path = "Map-Prefix.pch"; sourceTree = "<group>"; };
		27A3E5EE156852B2009FB65C /* en */ = {isa = PBXFileReference; lastKnownFileType = text.rtf; name = en; path = en.lproj/Credits.rtf; sourceTree = "<group>"; };
		27A3E5F0156852B2009FB65C /* AppDelegate.h */ = {isa = PBXFileReference; lastKnownFileType = sourcecode.c.h; path = AppDelegate.h; sourceTree = "<group>"; };
		27A3E5F1156852B2009FB65C /* AppDelegate.m */ = {isa = PBXFileReference; lastKnownFileType = sourcecode.c.objc; path = AppDelegate.m; sourceTree = "<group>"; };
		27A3E5F4156852B2009FB65C /* en */ = {isa = PBXFileReference; lastKnownFileType = file.xib; name = en; path = en.lproj/MainMenu.xib; sourceTree = "<group>"; };
		27A3E5FB156852B3009FB65C /* MapTests.octest */ = {isa = PBXFileReference; explicitFileType = wrapper.cfbundle; includeInIndex = 0; path = MapTests.octest; sourceTree = BUILT_PRODUCTS_DIR; };
		27A3E5FC156852B3009FB65C /* SenTestingKit.framework */ = {isa = PBXFileReference; lastKnownFileType = wrapper.framework; name = SenTestingKit.framework; path = Library/Frameworks/SenTestingKit.framework; sourceTree = DEVELOPER_DIR; };
		27A3E603156852B3009FB65C /* MapTests-Info.plist */ = {isa = PBXFileReference; lastKnownFileType = text.plist.xml; path = "MapTests-Info.plist"; sourceTree = "<group>"; };
		27A3E605156852B3009FB65C /* en */ = {isa = PBXFileReference; lastKnownFileType = text.plist.strings; name = en; path = en.lproj/InfoPlist.strings; sourceTree = "<group>"; };
		27A3E607156852B3009FB65C /* MapTests.h */ = {isa = PBXFileReference; lastKnownFileType = sourcecode.c.h; path = MapTests.h; sourceTree = "<group>"; };
		27A3E608156852B3009FB65C /* MapTests.m */ = {isa = PBXFileReference; lastKnownFileType = sourcecode.c.objc; path = MapTests.m; sourceTree = "<group>"; };
		27A3E6121568627F009FB65C /* demoIcon.png */ = {isa = PBXFileReference; lastKnownFileType = image.png; path = demoIcon.png; sourceTree = "<group>"; };
		27A3E6131568627F009FB65C /* demoIconWhite.png */ = {isa = PBXFileReference; lastKnownFileType = image.png; path = demoIconWhite.png; sourceTree = "<group>"; };
		27B47CDB16D05055000853E5 /* AFHTTPClient.h */ = {isa = PBXFileReference; fileEncoding = 4; lastKnownFileType = sourcecode.c.h; path = AFHTTPClient.h; sourceTree = "<group>"; };
		27B47CDC16D05055000853E5 /* AFHTTPClient.m */ = {isa = PBXFileReference; fileEncoding = 4; lastKnownFileType = sourcecode.c.objc; path = AFHTTPClient.m; sourceTree = "<group>"; };
		27B47CDD16D05055000853E5 /* AFHTTPRequestOperation.h */ = {isa = PBXFileReference; fileEncoding = 4; lastKnownFileType = sourcecode.c.h; path = AFHTTPRequestOperation.h; sourceTree = "<group>"; };
		27B47CDE16D05055000853E5 /* AFHTTPRequestOperation.m */ = {isa = PBXFileReference; fileEncoding = 4; lastKnownFileType = sourcecode.c.objc; path = AFHTTPRequestOperation.m; sourceTree = "<group>"; };
		27B47CDF16D05055000853E5 /* AFImageRequestOperation.h */ = {isa = PBXFileReference; fileEncoding = 4; lastKnownFileType = sourcecode.c.h; path = AFImageRequestOperation.h; sourceTree = "<group>"; };
		27B47CE016D05055000853E5 /* AFImageRequestOperation.m */ = {isa = PBXFileReference; fileEncoding = 4; lastKnownFileType = sourcecode.c.objc; path = AFImageRequestOperation.m; sourceTree = "<group>"; };
		27B47CE116D05055000853E5 /* AFJSONRequestOperation.h */ = {isa = PBXFileReference; fileEncoding = 4; lastKnownFileType = sourcecode.c.h; path = AFJSONRequestOperation.h; sourceTree = "<group>"; };
		27B47CE216D05055000853E5 /* AFJSONRequestOperation.m */ = {isa = PBXFileReference; fileEncoding = 4; lastKnownFileType = sourcecode.c.objc; path = AFJSONRequestOperation.m; sourceTree = "<group>"; };
		27B47CE316D05055000853E5 /* AFNetworkActivityIndicatorManager.h */ = {isa = PBXFileReference; fileEncoding = 4; lastKnownFileType = sourcecode.c.h; path = AFNetworkActivityIndicatorManager.h; sourceTree = "<group>"; };
		27B47CE416D05055000853E5 /* AFNetworkActivityIndicatorManager.m */ = {isa = PBXFileReference; fileEncoding = 4; lastKnownFileType = sourcecode.c.objc; path = AFNetworkActivityIndicatorManager.m; sourceTree = "<group>"; };
		27B47CE516D05055000853E5 /* AFNetworking.h */ = {isa = PBXFileReference; fileEncoding = 4; lastKnownFileType = sourcecode.c.h; path = AFNetworking.h; sourceTree = "<group>"; };
		27B47CE616D05055000853E5 /* AFPropertyListRequestOperation.h */ = {isa = PBXFileReference; fileEncoding = 4; lastKnownFileType = sourcecode.c.h; path = AFPropertyListRequestOperation.h; sourceTree = "<group>"; };
		27B47CE716D05055000853E5 /* AFPropertyListRequestOperation.m */ = {isa = PBXFileReference; fileEncoding = 4; lastKnownFileType = sourcecode.c.objc; path = AFPropertyListRequestOperation.m; sourceTree = "<group>"; };
		27B47CE816D05055000853E5 /* AFURLConnectionOperation.h */ = {isa = PBXFileReference; fileEncoding = 4; lastKnownFileType = sourcecode.c.h; path = AFURLConnectionOperation.h; sourceTree = "<group>"; };
		27B47CE916D05055000853E5 /* AFURLConnectionOperation.m */ = {isa = PBXFileReference; fileEncoding = 4; lastKnownFileType = sourcecode.c.objc; path = AFURLConnectionOperation.m; sourceTree = "<group>"; };
		27B47CEA16D05055000853E5 /* AFXMLRequestOperation.h */ = {isa = PBXFileReference; fileEncoding = 4; lastKnownFileType = sourcecode.c.h; path = AFXMLRequestOperation.h; sourceTree = "<group>"; };
		27B47CEB16D05055000853E5 /* AFXMLRequestOperation.m */ = {isa = PBXFileReference; fileEncoding = 4; lastKnownFileType = sourcecode.c.objc; path = AFXMLRequestOperation.m; sourceTree = "<group>"; };
		27B47CEC16D05055000853E5 /* UIImageView+AFNetworking.h */ = {isa = PBXFileReference; fileEncoding = 4; lastKnownFileType = sourcecode.c.h; path = "UIImageView+AFNetworking.h"; sourceTree = "<group>"; };
		27B47CED16D05055000853E5 /* UIImageView+AFNetworking.m */ = {isa = PBXFileReference; fileEncoding = 4; lastKnownFileType = sourcecode.c.objc; path = "UIImageView+AFNetworking.m"; sourceTree = "<group>"; };
		27CAEB44158422AD0036D787 /* de */ = {isa = PBXFileReference; lastKnownFileType = file.xib; name = de; path = de.lproj/MainMenu.xib; sourceTree = "<group>"; };
		27CAEB45158422C10036D787 /* de */ = {isa = PBXFileReference; lastKnownFileType = text.plist.strings; name = de; path = de.lproj/InfoPlist.strings; sourceTree = "<group>"; };
		27E9B3CC15E9B142002DA996 /* Map.entitlements */ = {isa = PBXFileReference; lastKnownFileType = text.xml; path = Map.entitlements; sourceTree = "<group>"; };
		27F9E149158AD2F5008AD07A /* NetworkManager.h */ = {isa = PBXFileReference; fileEncoding = 4; lastKnownFileType = sourcecode.c.h; path = NetworkManager.h; sourceTree = "<group>"; };
		27F9E14A158AD2F5008AD07A /* NetworkManager.m */ = {isa = PBXFileReference; fileEncoding = 4; lastKnownFileType = sourcecode.c.objc; path = NetworkManager.m; sourceTree = "<group>"; };
		27F9E14D158C27E7008AD07A /* NSString+NSString_URLManipulation.h */ = {isa = PBXFileReference; fileEncoding = 4; lastKnownFileType = sourcecode.c.h; path = "NSString+NSString_URLManipulation.h"; sourceTree = "<group>"; };
		27F9E14E158C27E7008AD07A /* NSString+NSString_URLManipulation.m */ = {isa = PBXFileReference; fileEncoding = 4; lastKnownFileType = sourcecode.c.objc; path = "NSString+NSString_URLManipulation.m"; sourceTree = "<group>"; };
/* End PBXFileReference section */

/* Begin PBXFrameworksBuildPhase section */
		27A3E5D7156852B2009FB65C /* Frameworks */ = {
			isa = PBXFrameworksBuildPhase;
			buildActionMask = 2147483647;
			files = (
				276DBC5E1654169C00AF5659 /* SystemConfiguration.framework in Frameworks */,
				27988759163E746100F84D51 /* Foundation.framework in Frameworks */,
				2707CC801572B91D00AEFA93 /* CoreWLAN.framework in Frameworks */,
				27A3E5DF156852B2009FB65C /* Cocoa.framework in Frameworks */,
			);
			runOnlyForDeploymentPostprocessing = 0;
		};
		27A3E5F7156852B3009FB65C /* Frameworks */ = {
			isa = PBXFrameworksBuildPhase;
			buildActionMask = 2147483647;
			files = (
				27A3E5FD156852B3009FB65C /* SenTestingKit.framework in Frameworks */,
				27A3E5FE156852B3009FB65C /* Cocoa.framework in Frameworks */,
			);
			runOnlyForDeploymentPostprocessing = 0;
		};
/* End PBXFrameworksBuildPhase section */

/* Begin PBXGroup section */
		27429575158199DD004EE5C2 /* WifiScanning */ = {
			isa = PBXGroup;
			children = (
				27429576158199DD004EE5C2 /* WifiScanner.h */,
				27429577158199DD004EE5C2 /* WifiScanner.m */,
			);
			path = WifiScanning;
			sourceTree = "<group>";
		};
		2742957915819AC9004EE5C2 /* LocationView */ = {
			isa = PBXGroup;
			children = (
				2742957A15819AC9004EE5C2 /* LocationViewController.h */,
				2742957B15819AC9004EE5C2 /* LocationViewController.m */,
				2742957C15819AC9004EE5C2 /* LocationViewController.xib */,
			);
			name = LocationView;
			path = Interface/LocationView;
			sourceTree = "<group>";
		};
		2742957D15819AC9004EE5C2 /* PreferencesPanel */ = {
			isa = PBXGroup;
			children = (
				2742957E15819AC9004EE5C2 /* AdvancedPrefs */,
				2742958415819AC9004EE5C2 /* GeneralPrefs */,
				2742958815819AC9004EE5C2 /* PreferencesPanel.h */,
				2742958915819AC9004EE5C2 /* PreferencesPanel.m */,
			);
			name = PreferencesPanel;
			path = Interface/PreferencesPanel;
			sourceTree = "<group>";
		};
		2742957E15819AC9004EE5C2 /* AdvancedPrefs */ = {
			isa = PBXGroup;
			children = (
				2742957F15819AC9004EE5C2 /* AdvancedPrefsViewController.h */,
				2742958015819AC9004EE5C2 /* AdvancedPrefsViewController.m */,
				2742958115819AC9004EE5C2 /* AdvancedPrefsView.xib */,
				2742958315819AC9004EE5C2 /* SliderHelper.h */,
				2742958215819AC9004EE5C2 /* SliderHelper.c */,
			);
			path = AdvancedPrefs;
			sourceTree = "<group>";
		};
		2742958415819AC9004EE5C2 /* GeneralPrefs */ = {
			isa = PBXGroup;
			children = (
				2742958515819AC9004EE5C2 /* GeneralPrefsViewController.h */,
				2742958615819AC9004EE5C2 /* GeneralPrefsViewController.m */,
				2742958715819AC9004EE5C2 /* GeneralPrefsView.xib */,
			);
			path = GeneralPrefs;
			sourceTree = "<group>";
		};
		275AB0551578645D00EFD9B5 /* Localization */ = {
			isa = PBXGroup;
			children = (
				275AB05E157866A500EFD9B5 /* Localizable.strings */,
			);
			name = Localization;
			sourceTree = "<group>";
		};
		278739B115856AAF00DDC24C /* 3rdPartyLibs */ = {
			isa = PBXGroup;
			children = (
				27B47CDA16D05055000853E5 /* AFNetworking */,
				278739F715856AD200DDC24C /* OSXBoilerplate */,
			);
			path = 3rdPartyLibs;
			sourceTree = "<group>";
		};
		278739F715856AD200DDC24C /* OSXBoilerplate */ = {
			isa = PBXGroup;
			children = (
				278739F815856AD200DDC24C /* OSBPreferencesController.h */,
				278739F915856AD200DDC24C /* OSBPreferencesController.m */,
			);
			path = OSXBoilerplate;
			sourceTree = "<group>";
		};
		27A3E5CF156852B1009FB65C = {
			isa = PBXGroup;
			children = (
				27A3E5E4156852B2009FB65C /* Map */,
				27A3E601156852B3009FB65C /* MapTests */,
				27DDE19515819C0C00FB2626 /* Frameworks */,
				27A3E5DB156852B2009FB65C /* Products */,
			);
			sourceTree = "<group>";
		};
		27A3E5DB156852B2009FB65C /* Products */ = {
			isa = PBXGroup;
			children = (
				27A3E5DA156852B2009FB65C /* Map.app */,
				27A3E5FB156852B3009FB65C /* MapTests.octest */,
			);
			name = Products;
			sourceTree = "<group>";
		};
		27A3E5E4156852B2009FB65C /* Map */ = {
			isa = PBXGroup;
			children = (
				27E9B3CC15E9B142002DA996 /* Map.entitlements */,
				278739B115856AAF00DDC24C /* 3rdPartyLibs */,
				275AB0551578645D00EFD9B5 /* Localization */,
				27A3E5F0156852B2009FB65C /* AppDelegate.h */,
				27A3E5F1156852B2009FB65C /* AppDelegate.m */,
				27F9E149158AD2F5008AD07A /* NetworkManager.h */,
				27F9E14A158AD2F5008AD07A /* NetworkManager.m */,
				276CFA3016A7B27100A51AEE /* FakeScanResult.h */,
				276CFA3116A7B27100A51AEE /* FakeScanResult.m */,
				27F9E14D158C27E7008AD07A /* NSString+NSString_URLManipulation.h */,
				27F9E14E158C27E7008AD07A /* NSString+NSString_URLManipulation.m */,
				27429575158199DD004EE5C2 /* WifiScanning */,
				27E606D0157B06F70035FF17 /* Interface */,
				27A3E5E5156852B2009FB65C /* Supporting Files */,
			);
			path = Map;
			sourceTree = "<group>";
		};
		27A3E5E5156852B2009FB65C /* Supporting Files */ = {
			isa = PBXGroup;
			children = (
				275AB0531578612300EFD9B5 /* demoIconDisabled.png */,
				27A3E6121568627F009FB65C /* demoIcon.png */,
				27A3E6131568627F009FB65C /* demoIconWhite.png */,
				27A3E5E6156852B2009FB65C /* Map-Info.plist */,
				27A3E5E7156852B2009FB65C /* InfoPlist.strings */,
				27A3E5EA156852B2009FB65C /* main.m */,
				27A3E5EC156852B2009FB65C /* Map-Prefix.pch */,
				27A3E5ED156852B2009FB65C /* Credits.rtf */,
			);
			name = "Supporting Files";
			sourceTree = "<group>";
		};
		27A3E601156852B3009FB65C /* MapTests */ = {
			isa = PBXGroup;
			children = (
				27A3E607156852B3009FB65C /* MapTests.h */,
				27A3E608156852B3009FB65C /* MapTests.m */,
				27A3E602156852B3009FB65C /* Supporting Files */,
			);
			path = MapTests;
			sourceTree = "<group>";
		};
		27A3E602156852B3009FB65C /* Supporting Files */ = {
			isa = PBXGroup;
			children = (
				27A3E603156852B3009FB65C /* MapTests-Info.plist */,
				27A3E604156852B3009FB65C /* InfoPlist.strings */,
			);
			name = "Supporting Files";
			sourceTree = "<group>";
		};
		27B47CDA16D05055000853E5 /* AFNetworking */ = {
			isa = PBXGroup;
			children = (
				27B47CDB16D05055000853E5 /* AFHTTPClient.h */,
				27B47CDC16D05055000853E5 /* AFHTTPClient.m */,
				27B47CDD16D05055000853E5 /* AFHTTPRequestOperation.h */,
				27B47CDE16D05055000853E5 /* AFHTTPRequestOperation.m */,
				27B47CDF16D05055000853E5 /* AFImageRequestOperation.h */,
				27B47CE016D05055000853E5 /* AFImageRequestOperation.m */,
				27B47CE116D05055000853E5 /* AFJSONRequestOperation.h */,
				27B47CE216D05055000853E5 /* AFJSONRequestOperation.m */,
				27B47CE316D05055000853E5 /* AFNetworkActivityIndicatorManager.h */,
				27B47CE416D05055000853E5 /* AFNetworkActivityIndicatorManager.m */,
				27B47CE516D05055000853E5 /* AFNetworking.h */,
				27B47CE616D05055000853E5 /* AFPropertyListRequestOperation.h */,
				27B47CE716D05055000853E5 /* AFPropertyListRequestOperation.m */,
				27B47CE816D05055000853E5 /* AFURLConnectionOperation.h */,
				27B47CE916D05055000853E5 /* AFURLConnectionOperation.m */,
				27B47CEA16D05055000853E5 /* AFXMLRequestOperation.h */,
				27B47CEB16D05055000853E5 /* AFXMLRequestOperation.m */,
				27B47CEC16D05055000853E5 /* UIImageView+AFNetworking.h */,
				27B47CED16D05055000853E5 /* UIImageView+AFNetworking.m */,
			);
			path = AFNetworking;
			sourceTree = "<group>";
		};
		27DDE19515819C0C00FB2626 /* Frameworks */ = {
			isa = PBXGroup;
			children = (
				276DBC5D1654169C00AF5659 /* SystemConfiguration.framework */,
				27873A1E15856CFC00DDC24C /* Security.framework */,
				2707CC7F1572B91D00AEFA93 /* CoreWLAN.framework */,
				27A3E5DE156852B2009FB65C /* Cocoa.framework */,
				27A3E5FC156852B3009FB65C /* SenTestingKit.framework */,
				27A3E5E1156852B2009FB65C /* AppKit.framework */,
				27A3E5E2156852B2009FB65C /* CoreData.framework */,
				27A3E5E3156852B2009FB65C /* Foundation.framework */,
			);
			name = Frameworks;
			path = Map/Frameworks;
			sourceTree = "<group>";
		};
		27E606D0157B06F70035FF17 /* Interface */ = {
			isa = PBXGroup;
			children = (
				2742957915819AC9004EE5C2 /* LocationView */,
				2742957D15819AC9004EE5C2 /* PreferencesPanel */,
				27A3E5F3156852B2009FB65C /* MainMenu.xib */,
			);
			name = Interface;
			sourceTree = "<group>";
		};
/* End PBXGroup section */

/* Begin PBXNativeTarget section */
		27A3E5D9156852B2009FB65C /* Map */ = {
			isa = PBXNativeTarget;
			buildConfigurationList = 27A3E60C156852B3009FB65C /* Build configuration list for PBXNativeTarget "Map" */;
			buildPhases = (
				27A3E5D6156852B2009FB65C /* Sources */,
				27A3E5D7156852B2009FB65C /* Frameworks */,
				27A3E5D8156852B2009FB65C /* Resources */,
				2706C829158854FC0012832F /* CopyFiles */,
			);
			buildRules = (
			);
			dependencies = (
			);
			name = Map;
			productName = Map;
			productReference = 27A3E5DA156852B2009FB65C /* Map.app */;
			productType = "com.apple.product-type.application";
		};
		27A3E5FA156852B3009FB65C /* MapTests */ = {
			isa = PBXNativeTarget;
			buildConfigurationList = 27A3E60F156852B3009FB65C /* Build configuration list for PBXNativeTarget "MapTests" */;
			buildPhases = (
				27A3E5F6156852B3009FB65C /* Sources */,
				27A3E5F7156852B3009FB65C /* Frameworks */,
				27A3E5F8156852B3009FB65C /* Resources */,
				27A3E5F9156852B3009FB65C /* ShellScript */,
			);
			buildRules = (
			);
			dependencies = (
				27A3E600156852B3009FB65C /* PBXTargetDependency */,
			);
			name = MapTests;
			productName = MapTests;
			productReference = 27A3E5FB156852B3009FB65C /* MapTests.octest */;
			productType = "com.apple.product-type.bundle";
		};
/* End PBXNativeTarget section */

/* Begin PBXProject section */
		27A3E5D1156852B1009FB65C /* Project object */ = {
			isa = PBXProject;
			attributes = {
				LastUpgradeCheck = 0460;
				ORGANIZATIONNAME = "Franklin W. Olin College of Engineering";
			};
			buildConfigurationList = 27A3E5D4156852B1009FB65C /* Build configuration list for PBXProject "Map" */;
			compatibilityVersion = "Xcode 3.2";
			developmentRegion = English;
			hasScannedForEncodings = 0;
			knownRegions = (
				en,
				de,
				"harry-potter",
			);
			mainGroup = 27A3E5CF156852B1009FB65C;
			productRefGroup = 27A3E5DB156852B2009FB65C /* Products */;
			projectDirPath = "";
			projectRoot = "";
			targets = (
				27A3E5D9156852B2009FB65C /* Map */,
				27A3E5FA156852B3009FB65C /* MapTests */,
			);
		};
/* End PBXProject section */

/* Begin PBXResourcesBuildPhase section */
		27A3E5D8156852B2009FB65C /* Resources */ = {
			isa = PBXResourcesBuildPhase;
			buildActionMask = 2147483647;
			files = (
				27A3E5E9156852B2009FB65C /* InfoPlist.strings in Resources */,
				27A3E5EF156852B2009FB65C /* Credits.rtf in Resources */,
				27A3E5F5156852B2009FB65C /* MainMenu.xib in Resources */,
				27A3E6141568627F009FB65C /* demoIcon.png in Resources */,
				27A3E6151568627F009FB65C /* demoIconWhite.png in Resources */,
				275AB0541578612300EFD9B5 /* demoIconDisabled.png in Resources */,
				275AB05C157866A500EFD9B5 /* Localizable.strings in Resources */,
				2742958B15819AC9004EE5C2 /* LocationViewController.xib in Resources */,
				2742958D15819AC9004EE5C2 /* AdvancedPrefsView.xib in Resources */,
				2742959015819AC9004EE5C2 /* GeneralPrefsView.xib in Resources */,
			);
			runOnlyForDeploymentPostprocessing = 0;
		};
		27A3E5F8156852B3009FB65C /* Resources */ = {
			isa = PBXResourcesBuildPhase;
			buildActionMask = 2147483647;
			files = (
				27A3E606156852B3009FB65C /* InfoPlist.strings in Resources */,
			);
			runOnlyForDeploymentPostprocessing = 0;
		};
/* End PBXResourcesBuildPhase section */

/* Begin PBXShellScriptBuildPhase section */
		27A3E5F9156852B3009FB65C /* ShellScript */ = {
			isa = PBXShellScriptBuildPhase;
			buildActionMask = 2147483647;
			files = (
			);
			inputPaths = (
			);
			outputPaths = (
			);
			runOnlyForDeploymentPostprocessing = 0;
			shellPath = /bin/sh;
			shellScript = "# Run the unit tests in this test bundle.\n\"${SYSTEM_DEVELOPER_DIR}/Tools/RunUnitTests\"\n";
		};
/* End PBXShellScriptBuildPhase section */

/* Begin PBXSourcesBuildPhase section */
		27A3E5D6156852B2009FB65C /* Sources */ = {
			isa = PBXSourcesBuildPhase;
			buildActionMask = 2147483647;
			files = (
				27A3E5EB156852B2009FB65C /* main.m in Sources */,
				27A3E5F2156852B2009FB65C /* AppDelegate.m in Sources */,
				27429578158199DD004EE5C2 /* WifiScanner.m in Sources */,
				2742958A15819AC9004EE5C2 /* LocationViewController.m in Sources */,
				2742958C15819AC9004EE5C2 /* AdvancedPrefsViewController.m in Sources */,
				2742958E15819AC9004EE5C2 /* SliderHelper.c in Sources */,
				2742958F15819AC9004EE5C2 /* GeneralPrefsViewController.m in Sources */,
				2742959115819AC9004EE5C2 /* PreferencesPanel.m in Sources */,
				278739FA15856AD200DDC24C /* OSBPreferencesController.m in Sources */,
				27F9E14B158AD2F5008AD07A /* NetworkManager.m in Sources */,
				27F9E14F158C27E7008AD07A /* NSString+NSString_URLManipulation.m in Sources */,
				276CFA3216A7B27100A51AEE /* FakeScanResult.m in Sources */,
				27B47CEE16D05055000853E5 /* AFHTTPClient.m in Sources */,
				27B47CEF16D05055000853E5 /* AFHTTPRequestOperation.m in Sources */,
				27B47CF016D05055000853E5 /* AFImageRequestOperation.m in Sources */,
				27B47CF116D05055000853E5 /* AFJSONRequestOperation.m in Sources */,
				27B47CF216D05055000853E5 /* AFNetworkActivityIndicatorManager.m in Sources */,
				27B47CF316D05055000853E5 /* AFPropertyListRequestOperation.m in Sources */,
				27B47CF416D05055000853E5 /* AFURLConnectionOperation.m in Sources */,
				27B47CF516D05055000853E5 /* AFXMLRequestOperation.m in Sources */,
				27B47CF616D05055000853E5 /* UIImageView+AFNetworking.m in Sources */,
			);
			runOnlyForDeploymentPostprocessing = 0;
		};
		27A3E5F6156852B3009FB65C /* Sources */ = {
			isa = PBXSourcesBuildPhase;
			buildActionMask = 2147483647;
			files = (
				27A3E609156852B3009FB65C /* MapTests.m in Sources */,
			);
			runOnlyForDeploymentPostprocessing = 0;
		};
/* End PBXSourcesBuildPhase section */

/* Begin PBXTargetDependency section */
		27A3E600156852B3009FB65C /* PBXTargetDependency */ = {
			isa = PBXTargetDependency;
			target = 27A3E5D9156852B2009FB65C /* Map */;
			targetProxy = 27A3E5FF156852B3009FB65C /* PBXContainerItemProxy */;
		};
/* End PBXTargetDependency section */

/* Begin PBXVariantGroup section */
		275AB05E157866A500EFD9B5 /* Localizable.strings */ = {
			isa = PBXVariantGroup;
			children = (
				275AB05D157866A500EFD9B5 /* en */,
				275AB05F157866C700EFD9B5 /* de */,
			);
			name = Localizable.strings;
			sourceTree = "<group>";
		};
		27A3E5E7156852B2009FB65C /* InfoPlist.strings */ = {
			isa = PBXVariantGroup;
			children = (
				27A3E5E8156852B2009FB65C /* en */,
				27CAEB45158422C10036D787 /* de */,
			);
			name = InfoPlist.strings;
			sourceTree = "<group>";
		};
		27A3E5ED156852B2009FB65C /* Credits.rtf */ = {
			isa = PBXVariantGroup;
			children = (
				27A3E5EE156852B2009FB65C /* en */,
				2761A2831584221E00E17BC2 /* de */,
			);
			name = Credits.rtf;
			sourceTree = "<group>";
		};
		27A3E5F3156852B2009FB65C /* MainMenu.xib */ = {
			isa = PBXVariantGroup;
			children = (
				27A3E5F4156852B2009FB65C /* en */,
				27CAEB44158422AD0036D787 /* de */,
			);
			name = MainMenu.xib;
			sourceTree = "<group>";
		};
		27A3E604156852B3009FB65C /* InfoPlist.strings */ = {
			isa = PBXVariantGroup;
			children = (
				27A3E605156852B3009FB65C /* en */,
				2772829015841D9400D130D0 /* de */,
			);
			name = InfoPlist.strings;
			sourceTree = "<group>";
		};
/* End PBXVariantGroup section */

/* Begin XCBuildConfiguration section */
		27A3E60A156852B3009FB65C /* Debug */ = {
			isa = XCBuildConfiguration;
			buildSettings = {
				ALWAYS_SEARCH_USER_PATHS = NO;
				ARCHS = "$(ARCHS_STANDARD_64_BIT)";
				CLANG_ENABLE_OBJC_ARC = YES;
				CLANG_WARN_CONSTANT_CONVERSION = YES;
				CLANG_WARN_ENUM_CONVERSION = YES;
				CLANG_WARN_INT_CONVERSION = YES;
				CLANG_WARN__DUPLICATE_METHOD_MATCH = YES;
				CODE_SIGN_ENTITLEMENTS = "";
				CODE_SIGN_IDENTITY = "";
				COPY_PHASE_STRIP = NO;
				GCC_C_LANGUAGE_STANDARD = gnu99;
				GCC_DYNAMIC_NO_PIC = NO;
				GCC_ENABLE_OBJC_EXCEPTIONS = YES;
				GCC_OPTIMIZATION_LEVEL = 0;
				GCC_PREPROCESSOR_DEFINITIONS = (
					"DEBUG=1",
					"$(inherited)",
				);
				GCC_SYMBOLS_PRIVATE_EXTERN = NO;
				GCC_VERSION = com.apple.compilers.llvm.clang.1_0;
				GCC_WARN_64_TO_32_BIT_CONVERSION = YES;
				GCC_WARN_ABOUT_MISSING_PROTOTYPES = YES;
				GCC_WARN_ABOUT_RETURN_TYPE = YES;
				GCC_WARN_UNINITIALIZED_AUTOS = YES;
				GCC_WARN_UNUSED_VARIABLE = YES;
				LD_RUNPATH_SEARCH_PATHS = "@loader_path/../Frameworks";
				MACOSX_DEPLOYMENT_TARGET = 10.7;
				ONLY_ACTIVE_ARCH = NO;
				SDKROOT = macosx;
			};
			name = Debug;
		};
		27A3E60B156852B3009FB65C /* Release */ = {
			isa = XCBuildConfiguration;
			buildSettings = {
				ALWAYS_SEARCH_USER_PATHS = NO;
				ARCHS = "$(ARCHS_STANDARD_64_BIT)";
				CLANG_ENABLE_OBJC_ARC = YES;
				CLANG_WARN_CONSTANT_CONVERSION = YES;
				CLANG_WARN_ENUM_CONVERSION = YES;
				CLANG_WARN_INT_CONVERSION = YES;
				CLANG_WARN__DUPLICATE_METHOD_MATCH = YES;
				CODE_SIGN_IDENTITY = "";
				COPY_PHASE_STRIP = YES;
				DEBUG_INFORMATION_FORMAT = "dwarf-with-dsym";
				GCC_C_LANGUAGE_STANDARD = gnu99;
				GCC_ENABLE_OBJC_EXCEPTIONS = YES;
				GCC_VERSION = com.apple.compilers.llvm.clang.1_0;
				GCC_WARN_64_TO_32_BIT_CONVERSION = YES;
				GCC_WARN_ABOUT_MISSING_PROTOTYPES = YES;
				GCC_WARN_ABOUT_RETURN_TYPE = YES;
				GCC_WARN_UNINITIALIZED_AUTOS = YES;
				GCC_WARN_UNUSED_VARIABLE = YES;
				LD_RUNPATH_SEARCH_PATHS = "@loader_path/../Frameworks";
				MACOSX_DEPLOYMENT_TARGET = 10.7;
				ONLY_ACTIVE_ARCH = YES;
				SDKROOT = macosx;
			};
			name = Release;
		};
		27A3E60D156852B3009FB65C /* Debug */ = {
			isa = XCBuildConfiguration;
			buildSettings = {
				CODE_SIGN_ENTITLEMENTS = Map/Map.entitlements;
				CODE_SIGN_IDENTITY = "Julian Ceipek TestSandbox";
				COMBINE_HIDPI_IMAGES = YES;
				FRAMEWORK_SEARCH_PATHS = "$(inherited)";
				GCC_PRECOMPILE_PREFIX_HEADER = YES;
				GCC_PREFIX_HEADER = "Map/Map-Prefix.pch";
				INFOPLIST_FILE = "Map/Map-Info.plist";
				LD_RUNPATH_SEARCH_PATHS = "";
				LIBRARY_SEARCH_PATHS = "";
				PRODUCT_NAME = "$(TARGET_NAME)";
				PROVISIONING_PROFILE = "";
				SDKROOT = macosx;
				WRAPPER_EXTENSION = app;
			};
			name = Debug;
		};
		27A3E60E156852B3009FB65C /* Release */ = {
			isa = XCBuildConfiguration;
			buildSettings = {
				CODE_SIGN_ENTITLEMENTS = Map/Map.entitlements;
				CODE_SIGN_IDENTITY = "Julian Ceipek TestSandbox";
				COMBINE_HIDPI_IMAGES = YES;
				FRAMEWORK_SEARCH_PATHS = "$(inherited)";
				GCC_PRECOMPILE_PREFIX_HEADER = YES;
				GCC_PREFIX_HEADER = "Map/Map-Prefix.pch";
				INFOPLIST_FILE = "Map/Map-Info.plist";
				LD_RUNPATH_SEARCH_PATHS = "";
				LIBRARY_SEARCH_PATHS = "";
				PRODUCT_NAME = "$(TARGET_NAME)";
				PROVISIONING_PROFILE = "";
				SDKROOT = macosx;
				WRAPPER_EXTENSION = app;
			};
			name = Release;
		};
		27A3E610156852B3009FB65C /* Debug */ = {
			isa = XCBuildConfiguration;
			buildSettings = {
				BUNDLE_LOADER = "$(BUILT_PRODUCTS_DIR)/Map.app/Contents/MacOS/Map";
				COMBINE_HIDPI_IMAGES = YES;
				FRAMEWORK_SEARCH_PATHS = "$(DEVELOPER_LIBRARY_DIR)/Frameworks";
				GCC_PRECOMPILE_PREFIX_HEADER = YES;
				GCC_PREFIX_HEADER = "Map/Map-Prefix.pch";
				INFOPLIST_FILE = "MapTests/MapTests-Info.plist";
				PRODUCT_NAME = "$(TARGET_NAME)";
				TEST_HOST = "$(BUNDLE_LOADER)";
				WRAPPER_EXTENSION = octest;
			};
			name = Debug;
		};
		27A3E611156852B3009FB65C /* Release */ = {
			isa = XCBuildConfiguration;
			buildSettings = {
				BUNDLE_LOADER = "$(BUILT_PRODUCTS_DIR)/Map.app/Contents/MacOS/Map";
				COMBINE_HIDPI_IMAGES = YES;
				FRAMEWORK_SEARCH_PATHS = "$(DEVELOPER_LIBRARY_DIR)/Frameworks";
				GCC_PRECOMPILE_PREFIX_HEADER = YES;
				GCC_PREFIX_HEADER = "Map/Map-Prefix.pch";
				INFOPLIST_FILE = "MapTests/MapTests-Info.plist";
				PRODUCT_NAME = "$(TARGET_NAME)";
				TEST_HOST = "$(BUNDLE_LOADER)";
				WRAPPER_EXTENSION = octest;
			};
			name = Release;
		};
/* End XCBuildConfiguration section */

/* Begin XCConfigurationList section */
		27A3E5D4156852B1009FB65C /* Build configuration list for PBXProject "Map" */ = {
			isa = XCConfigurationList;
			buildConfigurations = (
				27A3E60A156852B3009FB65C /* Debug */,
				27A3E60B156852B3009FB65C /* Release */,
			);
			defaultConfigurationIsVisible = 0;
			defaultConfigurationName = Release;
		};
		27A3E60C156852B3009FB65C /* Build configuration list for PBXNativeTarget "Map" */ = {
			isa = XCConfigurationList;
			buildConfigurations = (
				27A3E60D156852B3009FB65C /* Debug */,
				27A3E60E156852B3009FB65C /* Release */,
			);
			defaultConfigurationIsVisible = 0;
			defaultConfigurationName = Release;
		};
		27A3E60F156852B3009FB65C /* Build configuration list for PBXNativeTarget "MapTests" */ = {
			isa = XCConfigurationList;
			buildConfigurations = (
				27A3E610156852B3009FB65C /* Debug */,
				27A3E611156852B3009FB65C /* Release */,
			);
			defaultConfigurationIsVisible = 0;
			defaultConfigurationName = Release;
		};
/* End XCConfigurationList section */
	};
	rootObject = 27A3E5D1156852B1009FB65C /* Project object */;
}
